// !$*UTF8*$!
{
	archiveVersion = 1;
	classes = {
	};
	objectVersion = 46;
	objects = {

/* Begin PBXBuildFile section */
		22224A5E16F5315E00F76FC7 /* TPCollectionViewController.m in Sources */ = {isa = PBXBuildFile; fileRef = 22224A5C16F5315E00F76FC7 /* TPCollectionViewController.m */; };
		22224A5F16F5315E00F76FC7 /* TPCollectionView~iPhone.xib in Resources */ = {isa = PBXBuildFile; fileRef = 22224A5D16F5315E00F76FC7 /* TPCollectionView~iPhone.xib */; };
		22224A6316F533B500F76FC7 /* TPCollectionViewCell.m in Sources */ = {isa = PBXBuildFile; fileRef = 22224A6216F533B500F76FC7 /* TPCollectionViewCell.m */; };
		22224A6516F533C700F76FC7 /* TPCollectionViewCell~iPhone.xib in Resources */ = {isa = PBXBuildFile; fileRef = 22224A6416F533C700F76FC7 /* TPCollectionViewCell~iPhone.xib */; };
		22224A6716F537B800F76FC7 /* TPCollectionView~iPad.xib in Resources */ = {isa = PBXBuildFile; fileRef = 22224A6616F537B800F76FC7 /* TPCollectionView~iPad.xib */; };
		2227986116F4AA1700C60DC5 /* UIKit.framework in Frameworks */ = {isa = PBXBuildFile; fileRef = 2227986016F4AA1700C60DC5 /* UIKit.framework */; };
		2227986316F4AA1700C60DC5 /* Foundation.framework in Frameworks */ = {isa = PBXBuildFile; fileRef = 2227986216F4AA1700C60DC5 /* Foundation.framework */; };
		2227986516F4AA1700C60DC5 /* CoreGraphics.framework in Frameworks */ = {isa = PBXBuildFile; fileRef = 2227986416F4AA1700C60DC5 /* CoreGraphics.framework */; };
		2227986B16F4AA1700C60DC5 /* InfoPlist.strings in Resources */ = {isa = PBXBuildFile; fileRef = 2227986916F4AA1700C60DC5 /* InfoPlist.strings */; };
		2227986D16F4AA1700C60DC5 /* main.m in Sources */ = {isa = PBXBuildFile; fileRef = 2227986C16F4AA1700C60DC5 /* main.m */; };
		2227987116F4AA1700C60DC5 /* TPAppDelegate.m in Sources */ = {isa = PBXBuildFile; fileRef = 2227987016F4AA1700C60DC5 /* TPAppDelegate.m */; };
		2227987316F4AA1700C60DC5 /* Default.png in Resources */ = {isa = PBXBuildFile; fileRef = 2227987216F4AA1700C60DC5 /* Default.png */; };
		2227987516F4AA1700C60DC5 /* Default@2x.png in Resources */ = {isa = PBXBuildFile; fileRef = 2227987416F4AA1700C60DC5 /* Default@2x.png */; };
		2227987716F4AA1700C60DC5 /* Default-568h@2x.png in Resources */ = {isa = PBXBuildFile; fileRef = 2227987616F4AA1700C60DC5 /* Default-568h@2x.png */; };
		2227988516F4AA1800C60DC5 /* SenTestingKit.framework in Frameworks */ = {isa = PBXBuildFile; fileRef = 2227988416F4AA1800C60DC5 /* SenTestingKit.framework */; };
		2227988616F4AA1800C60DC5 /* UIKit.framework in Frameworks */ = {isa = PBXBuildFile; fileRef = 2227986016F4AA1700C60DC5 /* UIKit.framework */; };
		2227988716F4AA1800C60DC5 /* Foundation.framework in Frameworks */ = {isa = PBXBuildFile; fileRef = 2227986216F4AA1700C60DC5 /* Foundation.framework */; };
		2227988F16F4AA1800C60DC5 /* InfoPlist.strings in Resources */ = {isa = PBXBuildFile; fileRef = 2227988D16F4AA1800C60DC5 /* InfoPlist.strings */; };
		2227989216F4AA1800C60DC5 /* OtterFinderTests.m in Sources */ = {isa = PBXBuildFile; fileRef = 2227989116F4AA1800C60DC5 /* OtterFinderTests.m */; };
		222798A116F4AE9100C60DC5 /* TPOtterParser.m in Sources */ = {isa = PBXBuildFile; fileRef = 222798A016F4AE9100C60DC5 /* TPOtterParser.m */; };
		222798AB16F4B08500C60DC5 /* TPMainViewController.m in Sources */ = {isa = PBXBuildFile; fileRef = 222798A916F4B08500C60DC5 /* TPMainViewController.m */; };
		222798AC16F4B08500C60DC5 /* TPMainView~iPhone.xib in Resources */ = {isa = PBXBuildFile; fileRef = 222798AA16F4B08500C60DC5 /* TPMainView~iPhone.xib */; };
		222798B116F4B17200C60DC5 /* TPLocator.m in Sources */ = {isa = PBXBuildFile; fileRef = 222798B016F4B17200C60DC5 /* TPLocator.m */; };
		222798B316F4B20A00C60DC5 /* CoreLocation.framework in Frameworks */ = {isa = PBXBuildFile; fileRef = 222798B216F4B20A00C60DC5 /* CoreLocation.framework */; };
		222798B516F4B3D500C60DC5 /* MapKit.framework in Frameworks */ = {isa = PBXBuildFile; fileRef = 222798B416F4B3D500C60DC5 /* MapKit.framework */; };
		222798BA16F4B75700C60DC5 /* marker.png in Resources */ = {isa = PBXBuildFile; fileRef = 222798B816F4B75700C60DC5 /* marker.png */; };
		222798BB16F4B75700C60DC5 /* marker@2x.png in Resources */ = {isa = PBXBuildFile; fileRef = 222798B916F4B75700C60DC5 /* marker@2x.png */; };
		222798BE16F4B7CD00C60DC5 /* radar.png in Resources */ = {isa = PBXBuildFile; fileRef = 222798BC16F4B7CD00C60DC5 /* radar.png */; };
		222798BF16F4B7CD00C60DC5 /* radar@2x.png in Resources */ = {isa = PBXBuildFile; fileRef = 222798BD16F4B7CD00C60DC5 /* radar@2x.png */; };
		222798C516F4BCC400C60DC5 /* OtterClient.m in Sources */ = {isa = PBXBuildFile; fileRef = 222798C416F4BCC400C60DC5 /* OtterClient.m */; };
		222798CC16F4D11800C60DC5 /* test.json in Resources */ = {isa = PBXBuildFile; fileRef = 222798CB16F4D11800C60DC5 /* test.json */; };
		222798D116F4DC2900C60DC5 /* OtterPin.m in Sources */ = {isa = PBXBuildFile; fileRef = 222798D016F4DC2900C60DC5 /* OtterPin.m */; };
		222798D316F4DFAB00C60DC5 /* otter.png in Resources */ = {isa = PBXBuildFile; fileRef = 222798D216F4DFAB00C60DC5 /* otter.png */; };
		222798D616F4EDEF00C60DC5 /* TPDetailOverlay.m in Sources */ = {isa = PBXBuildFile; fileRef = 222798D516F4EDEF00C60DC5 /* TPDetailOverlay.m */; };
		222798D916F4EE1100C60DC5 /* DetailOverlay.xib in Resources */ = {isa = PBXBuildFile; fileRef = 222798D816F4EE1100C60DC5 /* DetailOverlay.xib */; };
		222798DB16F50A2F00C60DC5 /* TPMainView~iPad.xib in Resources */ = {isa = PBXBuildFile; fileRef = 222798DA16F50A2F00C60DC5 /* TPMainView~iPad.xib */; };
		22B1532216F5E3A9003A88A3 /* location.png in Resources */ = {isa = PBXBuildFile; fileRef = 22B1532016F5E3A9003A88A3 /* location.png */; };
		22B1532316F5E3A9003A88A3 /* location@2x.png in Resources */ = {isa = PBXBuildFile; fileRef = 22B1532116F5E3A9003A88A3 /* location@2x.png */; };
		22B1532516F5EEF5003A88A3 /* tombstone.png in Resources */ = {isa = PBXBuildFile; fileRef = 22B1532416F5EEF5003A88A3 /* tombstone.png */; };
		B4038F7243184DD9A20A3AAC /* libPods.a in Frameworks */ = {isa = PBXBuildFile; fileRef = 77D5BB90111D40F59FBBCBCD /* libPods.a */; };
		EAB1DED9702D493F871C9BA9 /* libPods-OtterFinderTests.a in Frameworks */ = {isa = PBXBuildFile; fileRef = C22A454EED2046ABB245B294 /* libPods-OtterFinderTests.a */; };
/* End PBXBuildFile section */

/* Begin PBXContainerItemProxy section */
		2227988816F4AA1800C60DC5 /* PBXContainerItemProxy */ = {
			isa = PBXContainerItemProxy;
			containerPortal = 2227985516F4AA1700C60DC5 /* Project object */;
			proxyType = 1;
			remoteGlobalIDString = 2227985C16F4AA1700C60DC5;
			remoteInfo = OtterFinder;
		};
/* End PBXContainerItemProxy section */

/* Begin PBXFileReference section */
		001A079AA05D4582B30DB802 /* Pods.xcconfig */ = {isa = PBXFileReference; includeInIndex = 1; lastKnownFileType = text.xcconfig; name = Pods.xcconfig; path = Pods/Pods.xcconfig; sourceTree = SOURCE_ROOT; };
		22224A5B16F5315E00F76FC7 /* TPCollectionViewController.h */ = {isa = PBXFileReference; fileEncoding = 4; lastKnownFileType = sourcecode.c.h; path = TPCollectionViewController.h; sourceTree = "<group>"; };
		22224A5C16F5315E00F76FC7 /* TPCollectionViewController.m */ = {isa = PBXFileReference; fileEncoding = 4; lastKnownFileType = sourcecode.c.objc; path = TPCollectionViewController.m; sourceTree = "<group>"; };
		22224A5D16F5315E00F76FC7 /* TPCollectionView~iPhone.xib */ = {isa = PBXFileReference; fileEncoding = 4; lastKnownFileType = file.xib; path = "TPCollectionView~iPhone.xib"; sourceTree = "<group>"; };
		22224A6116F533B500F76FC7 /* TPCollectionViewCell.h */ = {isa = PBXFileReference; fileEncoding = 4; lastKnownFileType = sourcecode.c.h; path = TPCollectionViewCell.h; sourceTree = "<group>"; };
		22224A6216F533B500F76FC7 /* TPCollectionViewCell.m */ = {isa = PBXFileReference; fileEncoding = 4; lastKnownFileType = sourcecode.c.objc; path = TPCollectionViewCell.m; sourceTree = "<group>"; };
		22224A6416F533C700F76FC7 /* TPCollectionViewCell~iPhone.xib */ = {isa = PBXFileReference; fileEncoding = 4; lastKnownFileType = file.xib; path = "TPCollectionViewCell~iPhone.xib"; sourceTree = "<group>"; };
		22224A6616F537B800F76FC7 /* TPCollectionView~iPad.xib */ = {isa = PBXFileReference; fileEncoding = 4; lastKnownFileType = file.xib; path = "TPCollectionView~iPad.xib"; sourceTree = "<group>"; };
		2227985D16F4AA1700C60DC5 /* OtterFinder.app */ = {isa = PBXFileReference; explicitFileType = wrapper.application; includeInIndex = 0; path = OtterFinder.app; sourceTree = BUILT_PRODUCTS_DIR; };
		2227986016F4AA1700C60DC5 /* UIKit.framework */ = {isa = PBXFileReference; lastKnownFileType = wrapper.framework; name = UIKit.framework; path = System/Library/Frameworks/UIKit.framework; sourceTree = SDKROOT; };
		2227986216F4AA1700C60DC5 /* Foundation.framework */ = {isa = PBXFileReference; lastKnownFileType = wrapper.framework; name = Foundation.framework; path = System/Library/Frameworks/Foundation.framework; sourceTree = SDKROOT; };
		2227986416F4AA1700C60DC5 /* CoreGraphics.framework */ = {isa = PBXFileReference; lastKnownFileType = wrapper.framework; name = CoreGraphics.framework; path = System/Library/Frameworks/CoreGraphics.framework; sourceTree = SDKROOT; };
		2227986816F4AA1700C60DC5 /* OtterFinder-Info.plist */ = {isa = PBXFileReference; lastKnownFileType = text.plist.xml; path = "OtterFinder-Info.plist"; sourceTree = "<group>"; };
		2227986A16F4AA1700C60DC5 /* en */ = {isa = PBXFileReference; lastKnownFileType = text.plist.strings; name = en; path = en.lproj/InfoPlist.strings; sourceTree = "<group>"; };
		2227986C16F4AA1700C60DC5 /* main.m */ = {isa = PBXFileReference; lastKnownFileType = sourcecode.c.objc; path = main.m; sourceTree = "<group>"; };
		2227986E16F4AA1700C60DC5 /* OtterFinder-Prefix.pch */ = {isa = PBXFileReference; lastKnownFileType = sourcecode.c.h; path = "OtterFinder-Prefix.pch"; sourceTree = "<group>"; };
		2227986F16F4AA1700C60DC5 /* TPAppDelegate.h */ = {isa = PBXFileReference; lastKnownFileType = sourcecode.c.h; path = TPAppDelegate.h; sourceTree = "<group>"; };
		2227987016F4AA1700C60DC5 /* TPAppDelegate.m */ = {isa = PBXFileReference; lastKnownFileType = sourcecode.c.objc; path = TPAppDelegate.m; sourceTree = "<group>"; };
		2227987216F4AA1700C60DC5 /* Default.png */ = {isa = PBXFileReference; lastKnownFileType = image.png; path = Default.png; sourceTree = "<group>"; };
		2227987416F4AA1700C60DC5 /* Default@2x.png */ = {isa = PBXFileReference; lastKnownFileType = image.png; path = "Default@2x.png"; sourceTree = "<group>"; };
		2227987616F4AA1700C60DC5 /* Default-568h@2x.png */ = {isa = PBXFileReference; lastKnownFileType = image.png; path = "Default-568h@2x.png"; sourceTree = "<group>"; };
		2227988316F4AA1800C60DC5 /* OtterFinderTests.octest */ = {isa = PBXFileReference; explicitFileType = wrapper.cfbundle; includeInIndex = 0; path = OtterFinderTests.octest; sourceTree = BUILT_PRODUCTS_DIR; };
		2227988416F4AA1800C60DC5 /* SenTestingKit.framework */ = {isa = PBXFileReference; lastKnownFileType = wrapper.framework; name = SenTestingKit.framework; path = Library/Frameworks/SenTestingKit.framework; sourceTree = DEVELOPER_DIR; };
		2227988C16F4AA1800C60DC5 /* OtterFinderTests-Info.plist */ = {isa = PBXFileReference; lastKnownFileType = text.plist.xml; path = "OtterFinderTests-Info.plist"; sourceTree = "<group>"; };
		2227988E16F4AA1800C60DC5 /* en */ = {isa = PBXFileReference; lastKnownFileType = text.plist.strings; name = en; path = en.lproj/InfoPlist.strings; sourceTree = "<group>"; };
		2227989016F4AA1800C60DC5 /* OtterFinderTests.h */ = {isa = PBXFileReference; lastKnownFileType = sourcecode.c.h; path = OtterFinderTests.h; sourceTree = "<group>"; };
		2227989116F4AA1800C60DC5 /* OtterFinderTests.m */ = {isa = PBXFileReference; lastKnownFileType = sourcecode.c.objc; path = OtterFinderTests.m; sourceTree = "<group>"; };
		2227989F16F4AE9100C60DC5 /* TPOtterParser.h */ = {isa = PBXFileReference; fileEncoding = 4; lastKnownFileType = sourcecode.c.h; path = TPOtterParser.h; sourceTree = "<group>"; };
		222798A016F4AE9100C60DC5 /* TPOtterParser.m */ = {isa = PBXFileReference; fileEncoding = 4; lastKnownFileType = sourcecode.c.objc; path = TPOtterParser.m; sourceTree = "<group>"; };
		222798A816F4B08500C60DC5 /* TPMainViewController.h */ = {isa = PBXFileReference; fileEncoding = 4; lastKnownFileType = sourcecode.c.h; path = TPMainViewController.h; sourceTree = "<group>"; };
		222798A916F4B08500C60DC5 /* TPMainViewController.m */ = {isa = PBXFileReference; fileEncoding = 4; lastKnownFileType = sourcecode.c.objc; path = TPMainViewController.m; sourceTree = "<group>"; };
		222798AA16F4B08500C60DC5 /* TPMainView~iPhone.xib */ = {isa = PBXFileReference; fileEncoding = 4; lastKnownFileType = file.xib; path = "TPMainView~iPhone.xib"; sourceTree = "<group>"; };
		222798AF16F4B17200C60DC5 /* TPLocator.h */ = {isa = PBXFileReference; fileEncoding = 4; lastKnownFileType = sourcecode.c.h; path = TPLocator.h; sourceTree = "<group>"; };
		222798B016F4B17200C60DC5 /* TPLocator.m */ = {isa = PBXFileReference; fileEncoding = 4; lastKnownFileType = sourcecode.c.objc; path = TPLocator.m; sourceTree = "<group>"; };
		222798B216F4B20A00C60DC5 /* CoreLocation.framework */ = {isa = PBXFileReference; lastKnownFileType = wrapper.framework; name = CoreLocation.framework; path = System/Library/Frameworks/CoreLocation.framework; sourceTree = SDKROOT; };
		222798B416F4B3D500C60DC5 /* MapKit.framework */ = {isa = PBXFileReference; lastKnownFileType = wrapper.framework; name = MapKit.framework; path = System/Library/Frameworks/MapKit.framework; sourceTree = SDKROOT; };
		222798B816F4B75700C60DC5 /* marker.png */ = {isa = PBXFileReference; lastKnownFileType = image.png; path = marker.png; sourceTree = "<group>"; };
		222798B916F4B75700C60DC5 /* marker@2x.png */ = {isa = PBXFileReference; lastKnownFileType = image.png; path = "marker@2x.png"; sourceTree = "<group>"; };
		222798BC16F4B7CD00C60DC5 /* radar.png */ = {isa = PBXFileReference; lastKnownFileType = image.png; path = radar.png; sourceTree = "<group>"; };
		222798BD16F4B7CD00C60DC5 /* radar@2x.png */ = {isa = PBXFileReference; lastKnownFileType = image.png; path = "radar@2x.png"; sourceTree = "<group>"; };
		222798C316F4BCC400C60DC5 /* OtterClient.h */ = {isa = PBXFileReference; fileEncoding = 4; lastKnownFileType = sourcecode.c.h; path = OtterClient.h; sourceTree = "<group>"; };
		222798C416F4BCC400C60DC5 /* OtterClient.m */ = {isa = PBXFileReference; fileEncoding = 4; lastKnownFileType = sourcecode.c.objc; path = OtterClient.m; sourceTree = "<group>"; };
		222798C716F4BEF400C60DC5 /* Config.h */ = {isa = PBXFileReference; fileEncoding = 4; lastKnownFileType = sourcecode.c.h; path = Config.h; sourceTree = "<group>"; };
		222798CB16F4D11800C60DC5 /* test.json */ = {isa = PBXFileReference; fileEncoding = 4; lastKnownFileType = text.json; path = test.json; sourceTree = "<group>"; };
		222798CD16F4D5AA00C60DC5 /* OtterClientProtocol.h */ = {isa = PBXFileReference; fileEncoding = 4; lastKnownFileType = sourcecode.c.h; path = OtterClientProtocol.h; sourceTree = "<group>"; };
		222798CF16F4DC2900C60DC5 /* OtterPin.h */ = {isa = PBXFileReference; fileEncoding = 4; lastKnownFileType = sourcecode.c.h; path = OtterPin.h; sourceTree = "<group>"; };
		222798D016F4DC2900C60DC5 /* OtterPin.m */ = {isa = PBXFileReference; fileEncoding = 4; lastKnownFileType = sourcecode.c.objc; path = OtterPin.m; sourceTree = "<group>"; };
		222798D216F4DFAB00C60DC5 /* otter.png */ = {isa = PBXFileReference; lastKnownFileType = image.png; path = otter.png; sourceTree = "<group>"; };
		222798D416F4EDEF00C60DC5 /* TPDetailOverlay.h */ = {isa = PBXFileReference; fileEncoding = 4; lastKnownFileType = sourcecode.c.h; path = TPDetailOverlay.h; sourceTree = "<group>"; };
		222798D516F4EDEF00C60DC5 /* TPDetailOverlay.m */ = {isa = PBXFileReference; fileEncoding = 4; lastKnownFileType = sourcecode.c.objc; path = TPDetailOverlay.m; sourceTree = "<group>"; };
		222798D816F4EE1100C60DC5 /* DetailOverlay.xib */ = {isa = PBXFileReference; fileEncoding = 4; lastKnownFileType = file.xib; path = DetailOverlay.xib; sourceTree = "<group>"; };
		222798DA16F50A2F00C60DC5 /* TPMainView~iPad.xib */ = {isa = PBXFileReference; fileEncoding = 4; lastKnownFileType = file.xib; path = "TPMainView~iPad.xib"; sourceTree = "<group>"; };
		22B1532016F5E3A9003A88A3 /* location.png */ = {isa = PBXFileReference; lastKnownFileType = image.png; path = location.png; sourceTree = "<group>"; };
		22B1532116F5E3A9003A88A3 /* location@2x.png */ = {isa = PBXFileReference; lastKnownFileType = image.png; path = "location@2x.png"; sourceTree = "<group>"; };
		22B1532416F5EEF5003A88A3 /* tombstone.png */ = {isa = PBXFileReference; lastKnownFileType = image.png; path = tombstone.png; sourceTree = "<group>"; };
		4792C8ACA7D34B37BFEC0053 /* Pods-OtterFinderTests.xcconfig */ = {isa = PBXFileReference; includeInIndex = 1; lastKnownFileType = text.xcconfig; name = "Pods-OtterFinderTests.xcconfig"; path = "Pods/Pods-OtterFinderTests.xcconfig"; sourceTree = SOURCE_ROOT; };
		77D5BB90111D40F59FBBCBCD /* libPods.a */ = {isa = PBXFileReference; explicitFileType = archive.ar; includeInIndex = 0; path = libPods.a; sourceTree = BUILT_PRODUCTS_DIR; };
		C22A454EED2046ABB245B294 /* libPods-OtterFinderTests.a */ = {isa = PBXFileReference; explicitFileType = archive.ar; includeInIndex = 0; path = "libPods-OtterFinderTests.a"; sourceTree = BUILT_PRODUCTS_DIR; };
/* End PBXFileReference section */

/* Begin PBXFrameworksBuildPhase section */
		2227985A16F4AA1700C60DC5 /* Frameworks */ = {
			isa = PBXFrameworksBuildPhase;
			buildActionMask = 2147483647;
			files = (
				222798B516F4B3D500C60DC5 /* MapKit.framework in Frameworks */,
				222798B316F4B20A00C60DC5 /* CoreLocation.framework in Frameworks */,
				2227986116F4AA1700C60DC5 /* UIKit.framework in Frameworks */,
				2227986316F4AA1700C60DC5 /* Foundation.framework in Frameworks */,
				2227986516F4AA1700C60DC5 /* CoreGraphics.framework in Frameworks */,
				B4038F7243184DD9A20A3AAC /* libPods.a in Frameworks */,
			);
			runOnlyForDeploymentPostprocessing = 0;
		};
		2227987F16F4AA1800C60DC5 /* Frameworks */ = {
			isa = PBXFrameworksBuildPhase;
			buildActionMask = 2147483647;
			files = (
				2227988516F4AA1800C60DC5 /* SenTestingKit.framework in Frameworks */,
				2227988616F4AA1800C60DC5 /* UIKit.framework in Frameworks */,
				2227988716F4AA1800C60DC5 /* Foundation.framework in Frameworks */,
				EAB1DED9702D493F871C9BA9 /* libPods-OtterFinderTests.a in Frameworks */,
			);
			runOnlyForDeploymentPostprocessing = 0;
		};
/* End PBXFrameworksBuildPhase section */

/* Begin PBXGroup section */
		22224A5A16F5313900F76FC7 /* Collection view */ = {
			isa = PBXGroup;
			children = (
				22224A6016F5339700F76FC7 /* Cells */,
				22224A5B16F5315E00F76FC7 /* TPCollectionViewController.h */,
				22224A5C16F5315E00F76FC7 /* TPCollectionViewController.m */,
				22224A5D16F5315E00F76FC7 /* TPCollectionView~iPhone.xib */,
				22224A6616F537B800F76FC7 /* TPCollectionView~iPad.xib */,
			);
			name = "Collection view";
			sourceTree = "<group>";
		};
		22224A6016F5339700F76FC7 /* Cells */ = {
			isa = PBXGroup;
			children = (
				22224A6116F533B500F76FC7 /* TPCollectionViewCell.h */,
				22224A6216F533B500F76FC7 /* TPCollectionViewCell.m */,
				22224A6416F533C700F76FC7 /* TPCollectionViewCell~iPhone.xib */,
			);
			name = Cells;
			sourceTree = "<group>";
		};
		2227985416F4AA1700C60DC5 = {
			isa = PBXGroup;
			children = (
				2227986616F4AA1700C60DC5 /* OtterFinder */,
				2227988A16F4AA1800C60DC5 /* OtterFinderTests */,
				2227985F16F4AA1700C60DC5 /* Frameworks */,
				2227985E16F4AA1700C60DC5 /* Products */,
				001A079AA05D4582B30DB802 /* Pods.xcconfig */,
				4792C8ACA7D34B37BFEC0053 /* Pods-OtterFinderTests.xcconfig */,
			);
			sourceTree = "<group>";
		};
		2227985E16F4AA1700C60DC5 /* Products */ = {
			isa = PBXGroup;
			children = (
				2227985D16F4AA1700C60DC5 /* OtterFinder.app */,
				2227988316F4AA1800C60DC5 /* OtterFinderTests.octest */,
			);
			name = Products;
			sourceTree = "<group>";
		};
		2227985F16F4AA1700C60DC5 /* Frameworks */ = {
			isa = PBXGroup;
			children = (
				222798B416F4B3D500C60DC5 /* MapKit.framework */,
				222798B216F4B20A00C60DC5 /* CoreLocation.framework */,
				2227986016F4AA1700C60DC5 /* UIKit.framework */,
				2227986216F4AA1700C60DC5 /* Foundation.framework */,
				2227986416F4AA1700C60DC5 /* CoreGraphics.framework */,
				2227988416F4AA1800C60DC5 /* SenTestingKit.framework */,
				77D5BB90111D40F59FBBCBCD /* libPods.a */,
				C22A454EED2046ABB245B294 /* libPods-OtterFinderTests.a */,
			);
			name = Frameworks;
			sourceTree = "<group>";
		};
		2227986616F4AA1700C60DC5 /* OtterFinder */ = {
			isa = PBXGroup;
			children = (
				222798C616F4BEE700C60DC5 /* Common */,
				222798B616F4B75600C60DC5 /* Assets */,
				2227989D16F4AA4F00C60DC5 /* App delegate */,
				2227989C16F4AA4800C60DC5 /* Back end */,
				2227989B16F4AA4200C60DC5 /* Front end */,
				2227986716F4AA1700C60DC5 /* Supporting Files */,
			);
			path = OtterFinder;
			sourceTree = "<group>";
		};
		2227986716F4AA1700C60DC5 /* Supporting Files */ = {
			isa = PBXGroup;
			children = (
				2227986816F4AA1700C60DC5 /* OtterFinder-Info.plist */,
				2227986916F4AA1700C60DC5 /* InfoPlist.strings */,
				2227986C16F4AA1700C60DC5 /* main.m */,
				2227986E16F4AA1700C60DC5 /* OtterFinder-Prefix.pch */,
				2227987216F4AA1700C60DC5 /* Default.png */,
				2227987416F4AA1700C60DC5 /* Default@2x.png */,
				2227987616F4AA1700C60DC5 /* Default-568h@2x.png */,
			);
			name = "Supporting Files";
			sourceTree = "<group>";
		};
		2227988A16F4AA1800C60DC5 /* OtterFinderTests */ = {
			isa = PBXGroup;
			children = (
				2227989016F4AA1800C60DC5 /* OtterFinderTests.h */,
				2227989116F4AA1800C60DC5 /* OtterFinderTests.m */,
				2227988B16F4AA1800C60DC5 /* Supporting Files */,
			);
			path = OtterFinderTests;
			sourceTree = "<group>";
		};
		2227988B16F4AA1800C60DC5 /* Supporting Files */ = {
			isa = PBXGroup;
			children = (
				2227988C16F4AA1800C60DC5 /* OtterFinderTests-Info.plist */,
				2227988D16F4AA1800C60DC5 /* InfoPlist.strings */,
			);
			name = "Supporting Files";
			sourceTree = "<group>";
		};
		2227989B16F4AA4200C60DC5 /* Front end */ = {
			isa = PBXGroup;
			children = (
				22224A5A16F5313900F76FC7 /* Collection view */,
				222798D716F4EDF500C60DC5 /* Detail overlay */,
				222798CE16F4DC1300C60DC5 /* Annotations */,
				222798A716F4B06800C60DC5 /* Main screen */,
			);
			name = "Front end";
			sourceTree = "<group>";
		};
		2227989C16F4AA4800C60DC5 /* Back end */ = {
			isa = PBXGroup;
			children = (
				222798AD16F4B15E00C60DC5 /* Locator */,
				222798A316F4AEA300C60DC5 /* Comms */,
				222798A216F4AE9C00C60DC5 /* Parser */,
			);
			name = "Back end";
			sourceTree = "<group>";
		};
		2227989D16F4AA4F00C60DC5 /* App delegate */ = {
			isa = PBXGroup;
			children = (
				2227986F16F4AA1700C60DC5 /* TPAppDelegate.h */,
				2227987016F4AA1700C60DC5 /* TPAppDelegate.m */,
			);
			name = "App delegate";
			sourceTree = "<group>";
		};
		222798A216F4AE9C00C60DC5 /* Parser */ = {
			isa = PBXGroup;
			children = (
				2227989F16F4AE9100C60DC5 /* TPOtterParser.h */,
				222798A016F4AE9100C60DC5 /* TPOtterParser.m */,
			);
			name = Parser;
			sourceTree = "<group>";
		};
		222798A316F4AEA300C60DC5 /* Comms */ = {
			isa = PBXGroup;
			children = (
				222798C316F4BCC400C60DC5 /* OtterClient.h */,
				222798C416F4BCC400C60DC5 /* OtterClient.m */,
				222798CD16F4D5AA00C60DC5 /* OtterClientProtocol.h */,
			);
			name = Comms;
			sourceTree = "<group>";
		};
		222798A716F4B06800C60DC5 /* Main screen */ = {
			isa = PBXGroup;
			children = (
				222798A816F4B08500C60DC5 /* TPMainViewController.h */,
				222798A916F4B08500C60DC5 /* TPMainViewController.m */,
				222798AA16F4B08500C60DC5 /* TPMainView~iPhone.xib */,
				222798DA16F50A2F00C60DC5 /* TPMainView~iPad.xib */,
			);
			name = "Main screen";
			sourceTree = "<group>";
		};
		222798AD16F4B15E00C60DC5 /* Locator */ = {
			isa = PBXGroup;
			children = (
				222798AF16F4B17200C60DC5 /* TPLocator.h */,
				222798B016F4B17200C60DC5 /* TPLocator.m */,
			);
			name = Locator;
			sourceTree = "<group>";
		};
		222798B616F4B75600C60DC5 /* Assets */ = {
			isa = PBXGroup;
			children = (
				222798CA16F4D10B00C60DC5 /* JSON */,
				222798B716F4B75700C60DC5 /* icons */,
			);
			path = Assets;
			sourceTree = "<group>";
		};
		222798B716F4B75700C60DC5 /* icons */ = {
			isa = PBXGroup;
			children = (
				22B1532416F5EEF5003A88A3 /* tombstone.png */,
				22B1532016F5E3A9003A88A3 /* location.png */,
				22B1532116F5E3A9003A88A3 /* location@2x.png */,
				222798D216F4DFAB00C60DC5 /* otter.png */,
				222798BC16F4B7CD00C60DC5 /* radar.png */,
				222798BD16F4B7CD00C60DC5 /* radar@2x.png */,
				222798B816F4B75700C60DC5 /* marker.png */,
				222798B916F4B75700C60DC5 /* marker@2x.png */,
			);
			path = icons;
			sourceTree = "<group>";
		};
		222798C616F4BEE700C60DC5 /* Common */ = {
			isa = PBXGroup;
			children = (
				222798C716F4BEF400C60DC5 /* Config.h */,
			);
			name = Common;
			sourceTree = "<group>";
		};
		222798CA16F4D10B00C60DC5 /* JSON */ = {
			isa = PBXGroup;
			children = (
				222798CB16F4D11800C60DC5 /* test.json */,
			);
			name = JSON;
			sourceTree = "<group>";
		};
		222798CE16F4DC1300C60DC5 /* Annotations */ = {
			isa = PBXGroup;
			children = (
				222798CF16F4DC2900C60DC5 /* OtterPin.h */,
				222798D016F4DC2900C60DC5 /* OtterPin.m */,
			);
			name = Annotations;
			sourceTree = "<group>";
		};
		222798D716F4EDF500C60DC5 /* Detail overlay */ = {
			isa = PBXGroup;
			children = (
				222798D416F4EDEF00C60DC5 /* TPDetailOverlay.h */,
				222798D516F4EDEF00C60DC5 /* TPDetailOverlay.m */,
				222798D816F4EE1100C60DC5 /* DetailOverlay.xib */,
			);
			name = "Detail overlay";
			sourceTree = "<group>";
		};
/* End PBXGroup section */

/* Begin PBXNativeTarget section */
		2227985C16F4AA1700C60DC5 /* OtterFinder */ = {
			isa = PBXNativeTarget;
			buildConfigurationList = 2227989516F4AA1800C60DC5 /* Build configuration list for PBXNativeTarget "OtterFinder" */;
			buildPhases = (
				2227985916F4AA1700C60DC5 /* Sources */,
				2227985A16F4AA1700C60DC5 /* Frameworks */,
				2227985B16F4AA1700C60DC5 /* Resources */,
				0C50E722DC3A46A2A3BE0CBE /* Copy Pods Resources */,
			);
			buildRules = (
			);
			dependencies = (
			);
			name = OtterFinder;
			productName = OtterFinder;
			productReference = 2227985D16F4AA1700C60DC5 /* OtterFinder.app */;
			productType = "com.apple.product-type.application";
		};
		2227988216F4AA1800C60DC5 /* OtterFinderTests */ = {
			isa = PBXNativeTarget;
			buildConfigurationList = 2227989816F4AA1800C60DC5 /* Build configuration list for PBXNativeTarget "OtterFinderTests" */;
			buildPhases = (
				2227987E16F4AA1800C60DC5 /* Sources */,
				2227987F16F4AA1800C60DC5 /* Frameworks */,
				2227988016F4AA1800C60DC5 /* Resources */,
				2227988116F4AA1800C60DC5 /* ShellScript */,
				0EE86FBE0B3D458FBA0CD04C /* Copy Pods Resources */,
			);
			buildRules = (
			);
			dependencies = (
				2227988916F4AA1800C60DC5 /* PBXTargetDependency */,
			);
			name = OtterFinderTests;
			productName = OtterFinderTests;
			productReference = 2227988316F4AA1800C60DC5 /* OtterFinderTests.octest */;
			productType = "com.apple.product-type.bundle";
		};
/* End PBXNativeTarget section */

/* Begin PBXProject section */
		2227985516F4AA1700C60DC5 /* Project object */ = {
			isa = PBXProject;
			attributes = {
				CLASSPREFIX = TP;
				LastUpgradeCheck = 0460;
				ORGANIZATIONNAME = "Charismatic Megafauna Ltd";
			};
			buildConfigurationList = 2227985816F4AA1700C60DC5 /* Build configuration list for PBXProject "OtterFinder" */;
			compatibilityVersion = "Xcode 3.2";
			developmentRegion = English;
			hasScannedForEncodings = 0;
			knownRegions = (
				en,
			);
			mainGroup = 2227985416F4AA1700C60DC5;
			productRefGroup = 2227985E16F4AA1700C60DC5 /* Products */;
			projectDirPath = "";
			projectRoot = "";
			targets = (
				2227985C16F4AA1700C60DC5 /* OtterFinder */,
				2227988216F4AA1800C60DC5 /* OtterFinderTests */,
			);
		};
/* End PBXProject section */

/* Begin PBXResourcesBuildPhase section */
		2227985B16F4AA1700C60DC5 /* Resources */ = {
			isa = PBXResourcesBuildPhase;
			buildActionMask = 2147483647;
			files = (
				2227986B16F4AA1700C60DC5 /* InfoPlist.strings in Resources */,
				2227987316F4AA1700C60DC5 /* Default.png in Resources */,
				2227987516F4AA1700C60DC5 /* Default@2x.png in Resources */,
				2227987716F4AA1700C60DC5 /* Default-568h@2x.png in Resources */,
				222798AC16F4B08500C60DC5 /* TPMainView~iPhone.xib in Resources */,
				222798BA16F4B75700C60DC5 /* marker.png in Resources */,
				222798BB16F4B75700C60DC5 /* marker@2x.png in Resources */,
				222798BE16F4B7CD00C60DC5 /* radar.png in Resources */,
				222798BF16F4B7CD00C60DC5 /* radar@2x.png in Resources */,
				222798CC16F4D11800C60DC5 /* test.json in Resources */,
				222798D316F4DFAB00C60DC5 /* otter.png in Resources */,
				222798D916F4EE1100C60DC5 /* DetailOverlay.xib in Resources */,
				222798DB16F50A2F00C60DC5 /* TPMainView~iPad.xib in Resources */,
				22224A5F16F5315E00F76FC7 /* TPCollectionView~iPhone.xib in Resources */,
				22224A6516F533C700F76FC7 /* TPCollectionViewCell~iPhone.xib in Resources */,
				22224A6716F537B800F76FC7 /* TPCollectionView~iPad.xib in Resources */,
				22B1532216F5E3A9003A88A3 /* location.png in Resources */,
				22B1532316F5E3A9003A88A3 /* location@2x.png in Resources */,
				22B1532516F5EEF5003A88A3 /* tombstone.png in Resources */,
			);
			runOnlyForDeploymentPostprocessing = 0;
		};
		2227988016F4AA1800C60DC5 /* Resources */ = {
			isa = PBXResourcesBuildPhase;
			buildActionMask = 2147483647;
			files = (
				2227988F16F4AA1800C60DC5 /* InfoPlist.strings in Resources */,
			);
			runOnlyForDeploymentPostprocessing = 0;
		};
/* End PBXResourcesBuildPhase section */

/* Begin PBXShellScriptBuildPhase section */
		0C50E722DC3A46A2A3BE0CBE /* Copy Pods Resources */ = {
			isa = PBXShellScriptBuildPhase;
			buildActionMask = 2147483647;
			files = (
			);
			inputPaths = (
			);
			name = "Copy Pods Resources";
			outputPaths = (
			);
			runOnlyForDeploymentPostprocessing = 0;
			shellPath = /bin/sh;
			shellScript = "\"${SRCROOT}/Pods/Pods-resources.sh\"\n";
		};
		0EE86FBE0B3D458FBA0CD04C /* Copy Pods Resources */ = {
			isa = PBXShellScriptBuildPhase;
			buildActionMask = 2147483647;
			files = (
			);
			inputPaths = (
			);
			name = "Copy Pods Resources";
			outputPaths = (
			);
			runOnlyForDeploymentPostprocessing = 0;
			shellPath = /bin/sh;
			shellScript = "\"${SRCROOT}/Pods/Pods-OtterFinderTests-resources.sh\"\n";
		};
		2227988116F4AA1800C60DC5 /* ShellScript */ = {
			isa = PBXShellScriptBuildPhase;
			buildActionMask = 2147483647;
			files = (
			);
			inputPaths = (
			);
			outputPaths = (
			);
			runOnlyForDeploymentPostprocessing = 0;
			shellPath = /bin/sh;
			shellScript = "# Run the unit tests in this test bundle.\n\"${SYSTEM_DEVELOPER_DIR}/Tools/RunUnitTests\"\n";
		};
/* End PBXShellScriptBuildPhase section */

/* Begin PBXSourcesBuildPhase section */
		2227985916F4AA1700C60DC5 /* Sources */ = {
			isa = PBXSourcesBuildPhase;
			buildActionMask = 2147483647;
			files = (
				2227986D16F4AA1700C60DC5 /* main.m in Sources */,
				2227987116F4AA1700C60DC5 /* TPAppDelegate.m in Sources */,
				222798A116F4AE9100C60DC5 /* TPOtterParser.m in Sources */,
				222798AB16F4B08500C60DC5 /* TPMainViewController.m in Sources */,
				222798B116F4B17200C60DC5 /* TPLocator.m in Sources */,
				222798C516F4BCC400C60DC5 /* OtterClient.m in Sources */,
				222798D116F4DC2900C60DC5 /* OtterPin.m in Sources */,
				222798D616F4EDEF00C60DC5 /* TPDetailOverlay.m in Sources */,
				22224A5E16F5315E00F76FC7 /* TPCollectionViewController.m in Sources */,
				22224A6316F533B500F76FC7 /* TPCollectionViewCell.m in Sources */,
			);
			runOnlyForDeploymentPostprocessing = 0;
		};
		2227987E16F4AA1800C60DC5 /* Sources */ = {
			isa = PBXSourcesBuildPhase;
			buildActionMask = 2147483647;
			files = (
				2227989216F4AA1800C60DC5 /* OtterFinderTests.m in Sources */,
			);
			runOnlyForDeploymentPostprocessing = 0;
		};
/* End PBXSourcesBuildPhase section */

/* Begin PBXTargetDependency section */
		2227988916F4AA1800C60DC5 /* PBXTargetDependency */ = {
			isa = PBXTargetDependency;
			target = 2227985C16F4AA1700C60DC5 /* OtterFinder */;
			targetProxy = 2227988816F4AA1800C60DC5 /* PBXContainerItemProxy */;
		};
/* End PBXTargetDependency section */

/* Begin PBXVariantGroup section */
		2227986916F4AA1700C60DC5 /* InfoPlist.strings */ = {
			isa = PBXVariantGroup;
			children = (
				2227986A16F4AA1700C60DC5 /* en */,
			);
			name = InfoPlist.strings;
			sourceTree = "<group>";
		};
		2227988D16F4AA1800C60DC5 /* InfoPlist.strings */ = {
			isa = PBXVariantGroup;
			children = (
				2227988E16F4AA1800C60DC5 /* en */,
			);
			name = InfoPlist.strings;
			sourceTree = "<group>";
		};
/* End PBXVariantGroup section */

/* Begin XCBuildConfiguration section */
		2227989316F4AA1800C60DC5 /* Debug */ = {
			isa = XCBuildConfiguration;
			buildSettings = {
				ALWAYS_SEARCH_USER_PATHS = NO;
				CLANG_CXX_LANGUAGE_STANDARD = "gnu++0x";
				CLANG_CXX_LIBRARY = "libc++";
				CLANG_ENABLE_OBJC_ARC = YES;
				CLANG_WARN_CONSTANT_CONVERSION = YES;
				CLANG_WARN_EMPTY_BODY = YES;
				CLANG_WARN_ENUM_CONVERSION = YES;
				CLANG_WARN_INT_CONVERSION = YES;
				CLANG_WARN__DUPLICATE_METHOD_MATCH = YES;
				"CODE_SIGN_IDENTITY[sdk=iphoneos*]" = "iPhone Developer";
				COPY_PHASE_STRIP = NO;
				GCC_C_LANGUAGE_STANDARD = gnu99;
				GCC_DYNAMIC_NO_PIC = NO;
				GCC_OPTIMIZATION_LEVEL = 0;
				GCC_PREPROCESSOR_DEFINITIONS = (
					"DEBUG=1",
					"$(inherited)",
				);
				GCC_SYMBOLS_PRIVATE_EXTERN = NO;
				GCC_WARN_ABOUT_RETURN_TYPE = YES;
				GCC_WARN_UNINITIALIZED_AUTOS = YES;
				GCC_WARN_UNUSED_VARIABLE = YES;
				IPHONEOS_DEPLOYMENT_TARGET = 6.1;
				ONLY_ACTIVE_ARCH = YES;
				SDKROOT = iphoneos;
			};
			name = Debug;
		};
		2227989416F4AA1800C60DC5 /* Release */ = {
			isa = XCBuildConfiguration;
			buildSettings = {
				ALWAYS_SEARCH_USER_PATHS = NO;
				CLANG_CXX_LANGUAGE_STANDARD = "gnu++0x";
				CLANG_CXX_LIBRARY = "libc++";
				CLANG_ENABLE_OBJC_ARC = YES;
				CLANG_WARN_CONSTANT_CONVERSION = YES;
				CLANG_WARN_EMPTY_BODY = YES;
				CLANG_WARN_ENUM_CONVERSION = YES;
				CLANG_WARN_INT_CONVERSION = YES;
				CLANG_WARN__DUPLICATE_METHOD_MATCH = YES;
				"CODE_SIGN_IDENTITY[sdk=iphoneos*]" = "iPhone Developer";
				COPY_PHASE_STRIP = YES;
				GCC_C_LANGUAGE_STANDARD = gnu99;
				GCC_WARN_ABOUT_RETURN_TYPE = YES;
				GCC_WARN_UNINITIALIZED_AUTOS = YES;
				GCC_WARN_UNUSED_VARIABLE = YES;
				IPHONEOS_DEPLOYMENT_TARGET = 6.1;
				OTHER_CFLAGS = "-DNS_BLOCK_ASSERTIONS=1";
				SDKROOT = iphoneos;
				VALIDATE_PRODUCT = YES;
			};
			name = Release;
		};
		2227989616F4AA1800C60DC5 /* Debug */ = {
			isa = XCBuildConfiguration;
			baseConfigurationReference = 001A079AA05D4582B30DB802 /* Pods.xcconfig */;
			buildSettings = {
				"CODE_SIGN_IDENTITY[sdk=iphoneos*]" = "iPhone Developer: Tim Duckett (KM4NF2P463)";
				GCC_PRECOMPILE_PREFIX_HEADER = YES;
				GCC_PREFIX_HEADER = "OtterFinder/OtterFinder-Prefix.pch";
				INFOPLIST_FILE = "OtterFinder/OtterFinder-Info.plist";
				IPHONEOS_DEPLOYMENT_TARGET = 6.1;
				PRODUCT_NAME = "$(TARGET_NAME)";
				"PROVISIONING_PROFILE[sdk=iphoneos*]" = "1D884C2F-20F3-44F1-B371-F8A59B28DD8A";
				TARGETED_DEVICE_FAMILY = "1,2";
				USER_HEADER_SEARCH_PATHS = "$inherited/**";
				WRAPPER_EXTENSION = app;
			};
			name = Debug;
		};
		2227989716F4AA1800C60DC5 /* Release */ = {
			isa = XCBuildConfiguration;
			baseConfigurationReference = 001A079AA05D4582B30DB802 /* Pods.xcconfig */;
			buildSettings = {
				GCC_PRECOMPILE_PREFIX_HEADER = YES;
				GCC_PREFIX_HEADER = "OtterFinder/OtterFinder-Prefix.pch";
				INFOPLIST_FILE = "OtterFinder/OtterFinder-Info.plist";
				IPHONEOS_DEPLOYMENT_TARGET = 6.1;
				PRODUCT_NAME = "$(TARGET_NAME)";
				TARGETED_DEVICE_FAMILY = "1,2";
				USER_HEADER_SEARCH_PATHS = "$inherited/**";
				WRAPPER_EXTENSION = app;
			};
			name = Release;
		};
		2227989916F4AA1800C60DC5 /* Debug */ = {
			isa = XCBuildConfiguration;
			baseConfigurationReference = 4792C8ACA7D34B37BFEC0053 /* Pods-OtterFinderTests.xcconfig */;
			buildSettings = {
				BUNDLE_LOADER = "$(BUILT_PRODUCTS_DIR)/OtterFinder.app/OtterFinder";
				FRAMEWORK_SEARCH_PATHS = (
					"\"$(SDKROOT)/Developer/Library/Frameworks\"",
					"\"$(DEVELOPER_LIBRARY_DIR)/Frameworks\"",
				);
				GCC_PRECOMPILE_PREFIX_HEADER = YES;
				GCC_PREFIX_HEADER = "OtterFinder/OtterFinder-Prefix.pch";
				INFOPLIST_FILE = "OtterFinderTests/OtterFinderTests-Info.plist";
				PRODUCT_NAME = "$(TARGET_NAME)";
				TEST_HOST = "$(BUNDLE_LOADER)";
				WRAPPER_EXTENSION = octest;
			};
			name = Debug;
		};
		2227989A16F4AA1800C60DC5 /* Release */ = {
			isa = XCBuildConfiguration;
			baseConfigurationReference = 4792C8ACA7D34B37BFEC0053 /* Pods-OtterFinderTests.xcconfig */;
			buildSettings = {
				BUNDLE_LOADER = "$(BUILT_PRODUCTS_DIR)/OtterFinder.app/OtterFinder";
				FRAMEWORK_SEARCH_PATHS = (
					"\"$(SDKROOT)/Developer/Library/Frameworks\"",
					"\"$(DEVELOPER_LIBRARY_DIR)/Frameworks\"",
				);
				GCC_PRECOMPILE_PREFIX_HEADER = YES;
				GCC_PREFIX_HEADER = "OtterFinder/OtterFinder-Prefix.pch";
				INFOPLIST_FILE = "OtterFinderTests/OtterFinderTests-Info.plist";
				PRODUCT_NAME = "$(TARGET_NAME)";
				TEST_HOST = "$(BUNDLE_LOADER)";
				WRAPPER_EXTENSION = octest;
			};
			name = Release;
		};
/* End XCBuildConfiguration section */

/* Begin XCConfigurationList section */
		2227985816F4AA1700C60DC5 /* Build configuration list for PBXProject "OtterFinder" */ = {
			isa = XCConfigurationList;
			buildConfigurations = (
				2227989316F4AA1800C60DC5 /* Debug */,
				2227989416F4AA1800C60DC5 /* Release */,
			);
			defaultConfigurationIsVisible = 0;
			defaultConfigurationName = Release;
		};
		2227989516F4AA1800C60DC5 /* Build configuration list for PBXNativeTarget "OtterFinder" */ = {
			isa = XCConfigurationList;
			buildConfigurations = (
				2227989616F4AA1800C60DC5 /* Debug */,
				2227989716F4AA1800C60DC5 /* Release */,
			);
			defaultConfigurationIsVisible = 0;
			defaultConfigurationName = Release;
		};
		2227989816F4AA1800C60DC5 /* Build configuration list for PBXNativeTarget "OtterFinderTests" */ = {
			isa = XCConfigurationList;
			buildConfigurations = (
				2227989916F4AA1800C60DC5 /* Debug */,
				2227989A16F4AA1800C60DC5 /* Release */,
			);
			defaultConfigurationIsVisible = 0;
			defaultConfigurationName = Release;
		};
/* End XCConfigurationList section */
	};
	rootObject = 2227985516F4AA1700C60DC5 /* Project object */;
}
